
Microsoft Visual Studio Solution File, Format Version 12.00
# Visual Studio 15
VisualStudioVersion = 15.0.26730.15
MinimumVisualStudioVersion = 10.0.40219.1
Project("{FAE04EC0-301F-11D3-BF4B-00C04F79EFBC}") = "Z08_DNA-Analyse", "Z08_DNA-Analyse.csproj", "{D121A092-4CCB-4F68-90AE-EEEE50D80B07}"
EndProject
Global
	GlobalSection(SolutionConfigurationPlatforms) = preSolution
		Debug|Any CPU = Debug|Any CPU
		Release|Any CPU = Release|Any CPU
	EndGlobalSection
	GlobalSection(ProjectConfigurationPlatforms) = postSolution
		{D121A092-4CCB-4F68-90AE-EEEE50D80B07}.Debug|Any CPU.ActiveCfg = Debug|Any CPU
		{D121A092-4CCB-4F68-90AE-EEEE50D80B07}.Debug|Any CPU.Build.0 = Debug|Any CPU
		{D121A092-4CCB-4F68-90AE-EEEE50D80B07}.Release|Any CPU.ActiveCfg = Release|Any CPU
		{D121A092-4CCB-4F68-90AE-EEEE50D80B07}.Release|Any CPU.Build.0 = Release|Any CPU
	EndGlobalSection
	GlobalSection(SolutionProperties) = preSolution
		HideSolutionNode = FALSE
	EndGlobalSection
	GlobalSection(ExtensibilityGlobals) = postSolution
		SolutionGuid = {6AF0CB2F-99B9-4665-83C3-63E53DF462DF}
	EndGlobalSection
EndGlobal
