
Microsoft Visual Studio Solution File, Format Version 12.00
# Visual Studio 15
VisualStudioVersion = 15.0.26730.15
MinimumVisualStudioVersion = 10.0.40219.1
Project("{FAE04EC0-301F-11D3-BF4B-00C04F79EFBC}") = "Lagerverwaltung", "Lagerverwaltung.csproj", "{CBE27122-003D-4FB4-8F73-CE3DB86BF3CB}"
EndProject
Global
	GlobalSection(SolutionConfigurationPlatforms) = preSolution
		Debug|Any CPU = Debug|Any CPU
		Release|Any CPU = Release|Any CPU
	EndGlobalSection
	GlobalSection(ProjectConfigurationPlatforms) = postSolution
		{CBE27122-003D-4FB4-8F73-CE3DB86BF3CB}.Debug|Any CPU.ActiveCfg = Debug|Any CPU
		{CBE27122-003D-4FB4-8F73-CE3DB86BF3CB}.Debug|Any CPU.Build.0 = Debug|Any CPU
		{CBE27122-003D-4FB4-8F73-CE3DB86BF3CB}.Release|Any CPU.ActiveCfg = Release|Any CPU
		{CBE27122-003D-4FB4-8F73-CE3DB86BF3CB}.Release|Any CPU.Build.0 = Release|Any CPU
	EndGlobalSection
	GlobalSection(SolutionProperties) = preSolution
		HideSolutionNode = FALSE
	EndGlobalSection
	GlobalSection(ExtensibilityGlobals) = postSolution
		SolutionGuid = {0860ACC0-32E8-44AD-8924-2DB9AC02BA5A}
	EndGlobalSection
EndGlobal
