
Microsoft Visual Studio Solution File, Format Version 12.00
# Visual Studio 15
VisualStudioVersion = 15.0.27130.2010
MinimumVisualStudioVersion = 10.0.40219.1
Project("{FAE04EC0-301F-11D3-BF4B-00C04F79EFBC}") = "ModuloVersionen", "ModuloVersionen\ModuloVersionen.csproj", "{BCA5CC65-DD59-4E83-92FF-5774BF41E578}"
EndProject
Global
	GlobalSection(SolutionConfigurationPlatforms) = preSolution
		Debug|Any CPU = Debug|Any CPU
		Release|Any CPU = Release|Any CPU
	EndGlobalSection
	GlobalSection(ProjectConfigurationPlatforms) = postSolution
		{BCA5CC65-DD59-4E83-92FF-5774BF41E578}.Debug|Any CPU.ActiveCfg = Debug|Any CPU
		{BCA5CC65-DD59-4E83-92FF-5774BF41E578}.Debug|Any CPU.Build.0 = Debug|Any CPU
		{BCA5CC65-DD59-4E83-92FF-5774BF41E578}.Release|Any CPU.ActiveCfg = Release|Any CPU
		{BCA5CC65-DD59-4E83-92FF-5774BF41E578}.Release|Any CPU.Build.0 = Release|Any CPU
	EndGlobalSection
	GlobalSection(SolutionProperties) = preSolution
		HideSolutionNode = FALSE
	EndGlobalSection
	GlobalSection(ExtensibilityGlobals) = postSolution
		SolutionGuid = {BC4C6209-00EC-4CC5-9F15-E2D6AE2CB2AA}
	EndGlobalSection
EndGlobal
