
Microsoft Visual Studio Solution File, Format Version 12.00
# Visual Studio 15
VisualStudioVersion = 15.0.26730.15
MinimumVisualStudioVersion = 10.0.40219.1
Project("{FAE04EC0-301F-11D3-BF4B-00C04F79EFBC}") = "Regression", "Regression.csproj", "{FEFDEFF6-D914-444C-87E9-20EEF3076D5F}"
EndProject
Global
	GlobalSection(SolutionConfigurationPlatforms) = preSolution
		Debug|Any CPU = Debug|Any CPU
		Release|Any CPU = Release|Any CPU
	EndGlobalSection
	GlobalSection(ProjectConfigurationPlatforms) = postSolution
		{FEFDEFF6-D914-444C-87E9-20EEF3076D5F}.Debug|Any CPU.ActiveCfg = Debug|Any CPU
		{FEFDEFF6-D914-444C-87E9-20EEF3076D5F}.Debug|Any CPU.Build.0 = Debug|Any CPU
		{FEFDEFF6-D914-444C-87E9-20EEF3076D5F}.Release|Any CPU.ActiveCfg = Release|Any CPU
		{FEFDEFF6-D914-444C-87E9-20EEF3076D5F}.Release|Any CPU.Build.0 = Release|Any CPU
	EndGlobalSection
	GlobalSection(SolutionProperties) = preSolution
		HideSolutionNode = FALSE
	EndGlobalSection
	GlobalSection(ExtensibilityGlobals) = postSolution
		SolutionGuid = {FA4B2FCC-46FF-4838-AE4B-B653D8F4BEBF}
	EndGlobalSection
EndGlobal
