
Microsoft Visual Studio Solution File, Format Version 12.00
# Visual Studio 15
VisualStudioVersion = 15.0.26730.15
MinimumVisualStudioVersion = 10.0.40219.1
Project("{FAE04EC0-301F-11D3-BF4B-00C04F79EFBC}") = "EstTarif", "EstTarif.csproj", "{482930FF-12F0-4820-BDF1-60B9CE6BA909}"
EndProject
Global
	GlobalSection(SolutionConfigurationPlatforms) = preSolution
		Debug|Any CPU = Debug|Any CPU
		Release|Any CPU = Release|Any CPU
	EndGlobalSection
	GlobalSection(ProjectConfigurationPlatforms) = postSolution
		{482930FF-12F0-4820-BDF1-60B9CE6BA909}.Debug|Any CPU.ActiveCfg = Debug|Any CPU
		{482930FF-12F0-4820-BDF1-60B9CE6BA909}.Debug|Any CPU.Build.0 = Debug|Any CPU
		{482930FF-12F0-4820-BDF1-60B9CE6BA909}.Release|Any CPU.ActiveCfg = Release|Any CPU
		{482930FF-12F0-4820-BDF1-60B9CE6BA909}.Release|Any CPU.Build.0 = Release|Any CPU
	EndGlobalSection
	GlobalSection(SolutionProperties) = preSolution
		HideSolutionNode = FALSE
	EndGlobalSection
	GlobalSection(ExtensibilityGlobals) = postSolution
		SolutionGuid = {E6CC5E57-7897-402A-B8E6-5D50B5FFFDF8}
	EndGlobalSection
EndGlobal
