
Microsoft Visual Studio Solution File, Format Version 12.00
# Visual Studio 15
VisualStudioVersion = 15.0.28010.2046
MinimumVisualStudioVersion = 10.0.40219.1
Project("{FAE04EC0-301F-11D3-BF4B-00C04F79EFBC}") = "Skript", "Skript\Skript.csproj", "{B6AC58B8-7E78-4374-8AEF-D8E3702AC75D}"
EndProject
Project("{2150E333-8FDC-42A3-9474-1A3956D46DE8}") = "1. Motivation", "1. Motivation", "{6422E42B-B11F-46E7-8F43-1D59E606A4C3}"
	ProjectSection(SolutionItems) = preProject
		Ziel der Veranstaltung.txt = Ziel der Veranstaltung.txt
	EndProjectSection
EndProject
Project("{2150E333-8FDC-42A3-9474-1A3956D46DE8}") = "1. Was sind Datenstrukturen", "1. Was sind Datenstrukturen", "{2D7C7D1C-54AE-4FF6-A060-3FCC4A78D247}"
EndProject
Project("{2150E333-8FDC-42A3-9474-1A3956D46DE8}") = "2. Was sind Algorithmen", "2. Was sind Algorithmen", "{BFF9C3C9-13CD-4CD0-AC7B-60FAAF55FAA3}"
EndProject
Project("{FAE04EC0-301F-11D3-BF4B-00C04F79EFBC}") = "Aufgabe 3 bis 4", "Gültiger Algorithmus\Aufgabe 3 bis 4.csproj", "{6E0C2452-DEE5-45E8-8BE5-38D96835F03A}"
EndProject
Project("{2150E333-8FDC-42A3-9474-1A3956D46DE8}") = "2. Einführung", "2. Einführung", "{FA47870A-6476-49CD-A1E7-585AFD98D579}"
EndProject
Project("{2150E333-8FDC-42A3-9474-1A3956D46DE8}") = "1. Entwurf von Algorithmen", "1. Entwurf von Algorithmen", "{D8A3F866-C266-48D1-8CE6-B7A9CCBF8D09}"
EndProject
Project("{2150E333-8FDC-42A3-9474-1A3956D46DE8}") = "2. Vergleich von Algorithmen", "2. Vergleich von Algorithmen", "{00818056-DC79-424D-AD29-D93065C95A28}"
	ProjectSection(SolutionItems) = preProject
		Vergleich von Algorithmen.txt = Vergleich von Algorithmen.txt
	EndProjectSection
EndProject
Project("{2150E333-8FDC-42A3-9474-1A3956D46DE8}") = "3. Iteration und Rekursion", "3. Iteration und Rekursion", "{BB253055-0BDC-45E4-B1D5-024CCC799053}"
EndProject
Project("{FAE04EC0-301F-11D3-BF4B-00C04F79EFBC}") = "Zahl raten als Pseudocode", "Zahl raten als Pseudocode\Zahl raten als Pseudocode.csproj", "{F2D0B309-0933-4F45-B53C-94B0340E0E8C}"
EndProject
Project("{FAE04EC0-301F-11D3-BF4B-00C04F79EFBC}") = "Ermitteln der Komplexitätsklasse", "Ermitteln der Komplexitätsklasse\Ermitteln der Komplexitätsklasse.csproj", "{5BD45F6F-FEC2-4E3E-B7D1-7ECF2CC82BCC}"
EndProject
Project("{FAE04EC0-301F-11D3-BF4B-00C04F79EFBC}") = "Aufgaben 4 bis 7", "Aufgaben 4 bis 7\Aufgaben 4 bis 7.csproj", "{98FDEA7C-4F25-48AE-AFF6-37FD8E1BBA3C}"
EndProject
Project("{FAE04EC0-301F-11D3-BF4B-00C04F79EFBC}") = "Summe eines Ganzzahl-Wertbereichs bilden", "Summe eines Ganzzahl-Wertbereichs bilden\Summe eines Ganzzahl-Wertbereichs bilden.csproj", "{4463F81F-EAC7-4686-98F6-2DE7A48C3161}"
EndProject
Project("{FAE04EC0-301F-11D3-BF4B-00C04F79EFBC}") = "Aufgabe 8", "Aufgabe 8\Aufgabe 8.csproj", "{ACCD6747-E4F5-46D3-94AF-C5131F7CAFA3}"
EndProject
Project("{2150E333-8FDC-42A3-9474-1A3956D46DE8}") = "3. Datenstrukturen", "3. Datenstrukturen", "{38A89C94-D985-4075-9947-C337C1BE0D92}"
EndProject
Project("{2150E333-8FDC-42A3-9474-1A3956D46DE8}") = "3.1.1 Einfach verkettete Liste", "3.1.1 Einfach verkettete Liste", "{0E297F11-C44D-4D42-A380-093DA909D92D}"
EndProject
Project("{2150E333-8FDC-42A3-9474-1A3956D46DE8}") = "3.1.2 Doppelt verkettete Liste", "3.1.2 Doppelt verkettete Liste", "{8D37B29A-D569-45E5-BED6-506DB0BD5901}"
EndProject
Project("{2150E333-8FDC-42A3-9474-1A3956D46DE8}") = "3.1.3 Liste über Array", "3.1.3 Liste über Array", "{E56821B1-B58D-4B93-A163-504C78632261}"
EndProject
Project("{2150E333-8FDC-42A3-9474-1A3956D46DE8}") = "3.2 Stack", "3.2 Stack", "{452BEBC1-FADA-4932-B277-886AC6F524B1}"
EndProject
Project("{2150E333-8FDC-42A3-9474-1A3956D46DE8}") = "3.3 Queue", "3.3 Queue", "{030654C3-9D43-44B3-92EA-2C3F0DFF9592}"
EndProject
Project("{2150E333-8FDC-42A3-9474-1A3956D46DE8}") = "3.4 Hashtabellen", "3.4 Hashtabellen", "{FD352B68-8756-4396-A705-08482BE3A792}"
EndProject
Project("{2150E333-8FDC-42A3-9474-1A3956D46DE8}") = "3.5 Binary Tree", "3.5 Binary Tree", "{07024844-A75B-4601-A876-2B0351461D20}"
EndProject
Project("{2150E333-8FDC-42A3-9474-1A3956D46DE8}") = "4. Algorithmen", "4. Algorithmen", "{F97915C3-2A25-4A30-B80B-3FED7101CF2F}"
EndProject
Project("{2150E333-8FDC-42A3-9474-1A3956D46DE8}") = "4.1 Binäre Suche", "4.1 Binäre Suche", "{AC737AA3-C0D9-47B2-81D8-3363BC9D5885}"
EndProject
Project("{2150E333-8FDC-42A3-9474-1A3956D46DE8}") = "4.2 Sortieren", "4.2 Sortieren", "{31508CD6-1372-491B-8BAC-0A7880470C80}"
EndProject
Project("{2150E333-8FDC-42A3-9474-1A3956D46DE8}") = "4.3 String-Algorithmen", "4.3 String-Algorithmen", "{9EDA8120-615B-489F-9EF4-CE31CE94F34E}"
EndProject
Project("{FAE04EC0-301F-11D3-BF4B-00C04F79EFBC}") = "LinkedList", "LinkedList\LinkedList.csproj", "{DA9F3F0B-E163-4FBE-91BC-09F4DA17A7D8}"
EndProject
Project("{FAE04EC0-301F-11D3-BF4B-00C04F79EFBC}") = "DoublyLinkedList", "DoublyLinkedList\DoublyLinkedList.csproj", "{ED859436-0AD7-4C39-BB76-8404B24892AC}"
EndProject
Project("{FAE04EC0-301F-11D3-BF4B-00C04F79EFBC}") = "Aufgaben 1 bis 7", "Aufgaben 1 bis 5\Aufgaben 1 bis 7.csproj", "{2B86E07F-BE40-4944-AFA6-78D95710B898}"
EndProject
Project("{FAE04EC0-301F-11D3-BF4B-00C04F79EFBC}") = "Aufgaben 7 bis 8", "Aufgaben 7 bis 8\Aufgaben 7 bis 8.csproj", "{BEEC7C2B-A0E6-4DF8-933B-2E070B6E545C}"
EndProject
Project("{FAE04EC0-301F-11D3-BF4B-00C04F79EFBC}") = "ArrayList", "ArrayList\ArrayList.csproj", "{FCCD8DEC-32C8-42B7-A217-D03428347F4B}"
EndProject
Project("{2150E333-8FDC-42A3-9474-1A3956D46DE8}") = "3.1.4 Vergleich ArrayList - LinkedList", "3.1.4 Vergleich ArrayList - LinkedList", "{A9EE499C-B9CC-4434-B543-509878ADAB2C}"
EndProject
Project("{FAE04EC0-301F-11D3-BF4B-00C04F79EFBC}") = "Aufgaben 9 bis 18", "Aufgaben 9 bis 18\Aufgaben 9 bis 18.csproj", "{D300116D-1E37-489B-86D4-A6EBDC354016}"
EndProject
Project("{2150E333-8FDC-42A3-9474-1A3956D46DE8}") = "3.1 List", "3.1 List", "{50806EB2-F7BF-4FA9-A917-B00A0598620E}"
EndProject
Project("{FAE04EC0-301F-11D3-BF4B-00C04F79EFBC}") = "Stack", "Stack\Stack.csproj", "{E0500792-77F5-4ED0-B34D-FDB5300AEED7}"
EndProject
Project("{FAE04EC0-301F-11D3-BF4B-00C04F79EFBC}") = "Aufgaben 1 bis 6", "Aufgaben 1 bis 6\Aufgaben 1 bis 6.csproj", "{184C4702-EE52-48FF-A3D0-218FBEEEF137}"
EndProject
Project("{FAE04EC0-301F-11D3-BF4B-00C04F79EFBC}") = "WebServer", "WebServer\WebServer.csproj", "{49D5462B-A624-44C3-A014-E76D1706F481}"
EndProject
Project("{FAE04EC0-301F-11D3-BF4B-00C04F79EFBC}") = "HashMap", "HashMap\HashMap.csproj", "{D95D1955-A04E-4D42-89D4-D6AB0DB3CC19}"
EndProject
Project("{FAE04EC0-301F-11D3-BF4B-00C04F79EFBC}") = "BinaryTree", "BinaryTree\BinaryTree.csproj", "{1A600110-7B07-4C96-A15F-2BE2381CE6F9}"
EndProject
Project("{2150E333-8FDC-42A3-9474-1A3956D46DE8}") = "_Testdaten", "_Testdaten", "{30FB3990-708F-433F-8326-3F04069F642C}"
	ProjectSection(SolutionItems) = preProject
		_Testdaten\blz.csv = _Testdaten\blz.csv
		_Testdaten\forum.txt = _Testdaten\forum.txt
		_Testdaten\german(unsortiert).dic = _Testdaten\german(unsortiert).dic
		_Testdaten\german.dic = _Testdaten\german.dic
		_Testdaten\index.html = _Testdaten\index.html
		_Testdaten\lovelace.txt = _Testdaten\lovelace.txt
		_Testdaten\PersonenDubletten.csv = _Testdaten\PersonenDubletten.csv
		_Testdaten\sample.ps = _Testdaten\sample.ps
		_Testdaten\simple.ps = _Testdaten\simple.ps
		_Testdaten\sonnenbrand(einfach).csv = _Testdaten\sonnenbrand(einfach).csv
		_Testdaten\sonnenbrand.csv = _Testdaten\sonnenbrand.csv
		_Testdaten\style.css = _Testdaten\style.css
		_Testdaten\unternehmen.csv = _Testdaten\unternehmen.csv
		_Testdaten\wetter.csv = _Testdaten\wetter.csv
		_Testdaten\ZIPCodes.csv = _Testdaten\ZIPCodes.csv
	EndProjectSection
EndProject
Project("{FAE04EC0-301F-11D3-BF4B-00C04F79EFBC}") = "BinarySearch", "BinarySearch\BinarySearch.csproj", "{5491CE42-07EE-4488-817F-E15A29F8AE74}"
EndProject
Project("{2150E333-8FDC-42A3-9474-1A3956D46DE8}") = "4.2.1 LinearSearch", "4.2.1 LinearSearch", "{29CD7603-9C20-42E8-A613-A1F368AFA001}"
EndProject
Project("{2150E333-8FDC-42A3-9474-1A3956D46DE8}") = "4.2.2 QuickSort", "4.2.2 QuickSort", "{4EC36CED-FEB9-4335-8889-14ECBEF75D49}"
EndProject
Project("{2150E333-8FDC-42A3-9474-1A3956D46DE8}") = "4.2.3 BubbleSort", "4.2.3 BubbleSort", "{EA1B214D-7B81-45A9-80D8-115C6F110068}"
EndProject
Project("{FAE04EC0-301F-11D3-BF4B-00C04F79EFBC}") = "LinearSearch", "LinearSearch\LinearSearch.csproj", "{CEEC8121-DCC5-4D68-B03B-788C0963348F}"
EndProject
Project("{FAE04EC0-301F-11D3-BF4B-00C04F79EFBC}") = "QuickSort", "QuickSort\QuickSort.csproj", "{AF0C7822-1DD1-405D-A43E-FABDCAD23EEC}"
EndProject
Project("{FAE04EC0-301F-11D3-BF4B-00C04F79EFBC}") = "BubbleSort", "BubbleSort\BubbleSort.csproj", "{B2CA188F-5DAD-47E5-9E7A-B47BF69E1AA5}"
EndProject
Project("{FAE04EC0-301F-11D3-BF4B-00C04F79EFBC}") = "Aufgaben 1 bis 2", "Aufgaben 1 bis 2\Aufgaben 1 bis 2.csproj", "{E087C2FD-F7FC-4039-81E0-42D0BBBC443A}"
EndProject
Project("{FAE04EC0-301F-11D3-BF4B-00C04F79EFBC}") = "Aufgabe 3", "Aufgaben 3 bis 4\Aufgabe 3.csproj", "{5DD65CE8-1AB6-4A47-A22A-6D9ACD4ED065}"
EndProject
Project("{FAE04EC0-301F-11D3-BF4B-00C04F79EFBC}") = "Hausaufgabe 4", "Hausaufgabe 4\Hausaufgabe 4.csproj", "{35E738EC-FEBA-4125-907E-6C03366F0EE1}"
EndProject
Project("{FAE04EC0-301F-11D3-BF4B-00C04F79EFBC}") = "Company", "Company\Company.csproj", "{0400A73C-7C16-4B36-BB3B-3CD4281D3E9E}"
EndProject
Global
	GlobalSection(SolutionConfigurationPlatforms) = preSolution
		Debug|Any CPU = Debug|Any CPU
		Release|Any CPU = Release|Any CPU
	EndGlobalSection
	GlobalSection(ProjectConfigurationPlatforms) = postSolution
		{B6AC58B8-7E78-4374-8AEF-D8E3702AC75D}.Debug|Any CPU.ActiveCfg = Debug|Any CPU
		{B6AC58B8-7E78-4374-8AEF-D8E3702AC75D}.Debug|Any CPU.Build.0 = Debug|Any CPU
		{B6AC58B8-7E78-4374-8AEF-D8E3702AC75D}.Release|Any CPU.ActiveCfg = Release|Any CPU
		{B6AC58B8-7E78-4374-8AEF-D8E3702AC75D}.Release|Any CPU.Build.0 = Release|Any CPU
		{6E0C2452-DEE5-45E8-8BE5-38D96835F03A}.Debug|Any CPU.ActiveCfg = Debug|Any CPU
		{6E0C2452-DEE5-45E8-8BE5-38D96835F03A}.Debug|Any CPU.Build.0 = Debug|Any CPU
		{6E0C2452-DEE5-45E8-8BE5-38D96835F03A}.Release|Any CPU.ActiveCfg = Release|Any CPU
		{6E0C2452-DEE5-45E8-8BE5-38D96835F03A}.Release|Any CPU.Build.0 = Release|Any CPU
		{F2D0B309-0933-4F45-B53C-94B0340E0E8C}.Debug|Any CPU.ActiveCfg = Debug|Any CPU
		{F2D0B309-0933-4F45-B53C-94B0340E0E8C}.Debug|Any CPU.Build.0 = Debug|Any CPU
		{F2D0B309-0933-4F45-B53C-94B0340E0E8C}.Release|Any CPU.ActiveCfg = Release|Any CPU
		{F2D0B309-0933-4F45-B53C-94B0340E0E8C}.Release|Any CPU.Build.0 = Release|Any CPU
		{5BD45F6F-FEC2-4E3E-B7D1-7ECF2CC82BCC}.Debug|Any CPU.ActiveCfg = Debug|Any CPU
		{5BD45F6F-FEC2-4E3E-B7D1-7ECF2CC82BCC}.Debug|Any CPU.Build.0 = Debug|Any CPU
		{5BD45F6F-FEC2-4E3E-B7D1-7ECF2CC82BCC}.Release|Any CPU.ActiveCfg = Release|Any CPU
		{5BD45F6F-FEC2-4E3E-B7D1-7ECF2CC82BCC}.Release|Any CPU.Build.0 = Release|Any CPU
		{98FDEA7C-4F25-48AE-AFF6-37FD8E1BBA3C}.Debug|Any CPU.ActiveCfg = Debug|Any CPU
		{98FDEA7C-4F25-48AE-AFF6-37FD8E1BBA3C}.Debug|Any CPU.Build.0 = Debug|Any CPU
		{98FDEA7C-4F25-48AE-AFF6-37FD8E1BBA3C}.Release|Any CPU.ActiveCfg = Release|Any CPU
		{98FDEA7C-4F25-48AE-AFF6-37FD8E1BBA3C}.Release|Any CPU.Build.0 = Release|Any CPU
		{4463F81F-EAC7-4686-98F6-2DE7A48C3161}.Debug|Any CPU.ActiveCfg = Debug|Any CPU
		{4463F81F-EAC7-4686-98F6-2DE7A48C3161}.Debug|Any CPU.Build.0 = Debug|Any CPU
		{4463F81F-EAC7-4686-98F6-2DE7A48C3161}.Release|Any CPU.ActiveCfg = Release|Any CPU
		{4463F81F-EAC7-4686-98F6-2DE7A48C3161}.Release|Any CPU.Build.0 = Release|Any CPU
		{ACCD6747-E4F5-46D3-94AF-C5131F7CAFA3}.Debug|Any CPU.ActiveCfg = Debug|Any CPU
		{ACCD6747-E4F5-46D3-94AF-C5131F7CAFA3}.Debug|Any CPU.Build.0 = Debug|Any CPU
		{ACCD6747-E4F5-46D3-94AF-C5131F7CAFA3}.Release|Any CPU.ActiveCfg = Release|Any CPU
		{ACCD6747-E4F5-46D3-94AF-C5131F7CAFA3}.Release|Any CPU.Build.0 = Release|Any CPU
		{DA9F3F0B-E163-4FBE-91BC-09F4DA17A7D8}.Debug|Any CPU.ActiveCfg = Debug|Any CPU
		{DA9F3F0B-E163-4FBE-91BC-09F4DA17A7D8}.Debug|Any CPU.Build.0 = Debug|Any CPU
		{DA9F3F0B-E163-4FBE-91BC-09F4DA17A7D8}.Release|Any CPU.ActiveCfg = Release|Any CPU
		{DA9F3F0B-E163-4FBE-91BC-09F4DA17A7D8}.Release|Any CPU.Build.0 = Release|Any CPU
		{ED859436-0AD7-4C39-BB76-8404B24892AC}.Debug|Any CPU.ActiveCfg = Debug|Any CPU
		{ED859436-0AD7-4C39-BB76-8404B24892AC}.Debug|Any CPU.Build.0 = Debug|Any CPU
		{ED859436-0AD7-4C39-BB76-8404B24892AC}.Release|Any CPU.ActiveCfg = Release|Any CPU
		{ED859436-0AD7-4C39-BB76-8404B24892AC}.Release|Any CPU.Build.0 = Release|Any CPU
		{2B86E07F-BE40-4944-AFA6-78D95710B898}.Debug|Any CPU.ActiveCfg = Debug|Any CPU
		{2B86E07F-BE40-4944-AFA6-78D95710B898}.Debug|Any CPU.Build.0 = Debug|Any CPU
		{2B86E07F-BE40-4944-AFA6-78D95710B898}.Release|Any CPU.ActiveCfg = Release|Any CPU
		{2B86E07F-BE40-4944-AFA6-78D95710B898}.Release|Any CPU.Build.0 = Release|Any CPU
		{BEEC7C2B-A0E6-4DF8-933B-2E070B6E545C}.Debug|Any CPU.ActiveCfg = Debug|Any CPU
		{BEEC7C2B-A0E6-4DF8-933B-2E070B6E545C}.Debug|Any CPU.Build.0 = Debug|Any CPU
		{BEEC7C2B-A0E6-4DF8-933B-2E070B6E545C}.Release|Any CPU.ActiveCfg = Release|Any CPU
		{BEEC7C2B-A0E6-4DF8-933B-2E070B6E545C}.Release|Any CPU.Build.0 = Release|Any CPU
		{FCCD8DEC-32C8-42B7-A217-D03428347F4B}.Debug|Any CPU.ActiveCfg = Debug|Any CPU
		{FCCD8DEC-32C8-42B7-A217-D03428347F4B}.Debug|Any CPU.Build.0 = Debug|Any CPU
		{FCCD8DEC-32C8-42B7-A217-D03428347F4B}.Release|Any CPU.ActiveCfg = Release|Any CPU
		{FCCD8DEC-32C8-42B7-A217-D03428347F4B}.Release|Any CPU.Build.0 = Release|Any CPU
		{D300116D-1E37-489B-86D4-A6EBDC354016}.Debug|Any CPU.ActiveCfg = Debug|Any CPU
		{D300116D-1E37-489B-86D4-A6EBDC354016}.Debug|Any CPU.Build.0 = Debug|Any CPU
		{D300116D-1E37-489B-86D4-A6EBDC354016}.Release|Any CPU.ActiveCfg = Release|Any CPU
		{D300116D-1E37-489B-86D4-A6EBDC354016}.Release|Any CPU.Build.0 = Release|Any CPU
		{E0500792-77F5-4ED0-B34D-FDB5300AEED7}.Debug|Any CPU.ActiveCfg = Debug|Any CPU
		{E0500792-77F5-4ED0-B34D-FDB5300AEED7}.Debug|Any CPU.Build.0 = Debug|Any CPU
		{E0500792-77F5-4ED0-B34D-FDB5300AEED7}.Release|Any CPU.ActiveCfg = Release|Any CPU
		{E0500792-77F5-4ED0-B34D-FDB5300AEED7}.Release|Any CPU.Build.0 = Release|Any CPU
		{184C4702-EE52-48FF-A3D0-218FBEEEF137}.Debug|Any CPU.ActiveCfg = Debug|Any CPU
		{184C4702-EE52-48FF-A3D0-218FBEEEF137}.Debug|Any CPU.Build.0 = Debug|Any CPU
		{184C4702-EE52-48FF-A3D0-218FBEEEF137}.Release|Any CPU.ActiveCfg = Release|Any CPU
		{184C4702-EE52-48FF-A3D0-218FBEEEF137}.Release|Any CPU.Build.0 = Release|Any CPU
		{49D5462B-A624-44C3-A014-E76D1706F481}.Debug|Any CPU.ActiveCfg = Debug|Any CPU
		{49D5462B-A624-44C3-A014-E76D1706F481}.Debug|Any CPU.Build.0 = Debug|Any CPU
		{49D5462B-A624-44C3-A014-E76D1706F481}.Release|Any CPU.ActiveCfg = Release|Any CPU
		{49D5462B-A624-44C3-A014-E76D1706F481}.Release|Any CPU.Build.0 = Release|Any CPU
		{D95D1955-A04E-4D42-89D4-D6AB0DB3CC19}.Debug|Any CPU.ActiveCfg = Debug|Any CPU
		{D95D1955-A04E-4D42-89D4-D6AB0DB3CC19}.Debug|Any CPU.Build.0 = Debug|Any CPU
		{D95D1955-A04E-4D42-89D4-D6AB0DB3CC19}.Release|Any CPU.ActiveCfg = Release|Any CPU
		{D95D1955-A04E-4D42-89D4-D6AB0DB3CC19}.Release|Any CPU.Build.0 = Release|Any CPU
		{1A600110-7B07-4C96-A15F-2BE2381CE6F9}.Debug|Any CPU.ActiveCfg = Debug|Any CPU
		{1A600110-7B07-4C96-A15F-2BE2381CE6F9}.Debug|Any CPU.Build.0 = Debug|Any CPU
		{1A600110-7B07-4C96-A15F-2BE2381CE6F9}.Release|Any CPU.ActiveCfg = Release|Any CPU
		{1A600110-7B07-4C96-A15F-2BE2381CE6F9}.Release|Any CPU.Build.0 = Release|Any CPU
		{5491CE42-07EE-4488-817F-E15A29F8AE74}.Debug|Any CPU.ActiveCfg = Debug|Any CPU
		{5491CE42-07EE-4488-817F-E15A29F8AE74}.Debug|Any CPU.Build.0 = Debug|Any CPU
		{5491CE42-07EE-4488-817F-E15A29F8AE74}.Release|Any CPU.ActiveCfg = Release|Any CPU
		{5491CE42-07EE-4488-817F-E15A29F8AE74}.Release|Any CPU.Build.0 = Release|Any CPU
		{CEEC8121-DCC5-4D68-B03B-788C0963348F}.Debug|Any CPU.ActiveCfg = Debug|Any CPU
		{CEEC8121-DCC5-4D68-B03B-788C0963348F}.Debug|Any CPU.Build.0 = Debug|Any CPU
		{CEEC8121-DCC5-4D68-B03B-788C0963348F}.Release|Any CPU.ActiveCfg = Release|Any CPU
		{CEEC8121-DCC5-4D68-B03B-788C0963348F}.Release|Any CPU.Build.0 = Release|Any CPU
		{AF0C7822-1DD1-405D-A43E-FABDCAD23EEC}.Debug|Any CPU.ActiveCfg = Debug|Any CPU
		{AF0C7822-1DD1-405D-A43E-FABDCAD23EEC}.Debug|Any CPU.Build.0 = Debug|Any CPU
		{AF0C7822-1DD1-405D-A43E-FABDCAD23EEC}.Release|Any CPU.ActiveCfg = Release|Any CPU
		{AF0C7822-1DD1-405D-A43E-FABDCAD23EEC}.Release|Any CPU.Build.0 = Release|Any CPU
		{B2CA188F-5DAD-47E5-9E7A-B47BF69E1AA5}.Debug|Any CPU.ActiveCfg = Debug|Any CPU
		{B2CA188F-5DAD-47E5-9E7A-B47BF69E1AA5}.Debug|Any CPU.Build.0 = Debug|Any CPU
		{B2CA188F-5DAD-47E5-9E7A-B47BF69E1AA5}.Release|Any CPU.ActiveCfg = Release|Any CPU
		{B2CA188F-5DAD-47E5-9E7A-B47BF69E1AA5}.Release|Any CPU.Build.0 = Release|Any CPU
		{E087C2FD-F7FC-4039-81E0-42D0BBBC443A}.Debug|Any CPU.ActiveCfg = Debug|Any CPU
		{E087C2FD-F7FC-4039-81E0-42D0BBBC443A}.Debug|Any CPU.Build.0 = Debug|Any CPU
		{E087C2FD-F7FC-4039-81E0-42D0BBBC443A}.Release|Any CPU.ActiveCfg = Release|Any CPU
		{E087C2FD-F7FC-4039-81E0-42D0BBBC443A}.Release|Any CPU.Build.0 = Release|Any CPU
		{5DD65CE8-1AB6-4A47-A22A-6D9ACD4ED065}.Debug|Any CPU.ActiveCfg = Debug|Any CPU
		{5DD65CE8-1AB6-4A47-A22A-6D9ACD4ED065}.Debug|Any CPU.Build.0 = Debug|Any CPU
		{5DD65CE8-1AB6-4A47-A22A-6D9ACD4ED065}.Release|Any CPU.ActiveCfg = Release|Any CPU
		{5DD65CE8-1AB6-4A47-A22A-6D9ACD4ED065}.Release|Any CPU.Build.0 = Release|Any CPU
		{35E738EC-FEBA-4125-907E-6C03366F0EE1}.Debug|Any CPU.ActiveCfg = Debug|Any CPU
		{35E738EC-FEBA-4125-907E-6C03366F0EE1}.Debug|Any CPU.Build.0 = Debug|Any CPU
		{35E738EC-FEBA-4125-907E-6C03366F0EE1}.Release|Any CPU.ActiveCfg = Release|Any CPU
		{35E738EC-FEBA-4125-907E-6C03366F0EE1}.Release|Any CPU.Build.0 = Release|Any CPU
		{0400A73C-7C16-4B36-BB3B-3CD4281D3E9E}.Debug|Any CPU.ActiveCfg = Debug|Any CPU
		{0400A73C-7C16-4B36-BB3B-3CD4281D3E9E}.Debug|Any CPU.Build.0 = Debug|Any CPU
		{0400A73C-7C16-4B36-BB3B-3CD4281D3E9E}.Release|Any CPU.ActiveCfg = Release|Any CPU
		{0400A73C-7C16-4B36-BB3B-3CD4281D3E9E}.Release|Any CPU.Build.0 = Release|Any CPU
	EndGlobalSection
	GlobalSection(SolutionProperties) = preSolution
		HideSolutionNode = FALSE
	EndGlobalSection
	GlobalSection(NestedProjects) = preSolution
		{2D7C7D1C-54AE-4FF6-A060-3FCC4A78D247} = {6422E42B-B11F-46E7-8F43-1D59E606A4C3}
		{BFF9C3C9-13CD-4CD0-AC7B-60FAAF55FAA3} = {6422E42B-B11F-46E7-8F43-1D59E606A4C3}
		{6E0C2452-DEE5-45E8-8BE5-38D96835F03A} = {BFF9C3C9-13CD-4CD0-AC7B-60FAAF55FAA3}
		{D8A3F866-C266-48D1-8CE6-B7A9CCBF8D09} = {FA47870A-6476-49CD-A1E7-585AFD98D579}
		{00818056-DC79-424D-AD29-D93065C95A28} = {FA47870A-6476-49CD-A1E7-585AFD98D579}
		{BB253055-0BDC-45E4-B1D5-024CCC799053} = {FA47870A-6476-49CD-A1E7-585AFD98D579}
		{F2D0B309-0933-4F45-B53C-94B0340E0E8C} = {D8A3F866-C266-48D1-8CE6-B7A9CCBF8D09}
		{5BD45F6F-FEC2-4E3E-B7D1-7ECF2CC82BCC} = {00818056-DC79-424D-AD29-D93065C95A28}
		{98FDEA7C-4F25-48AE-AFF6-37FD8E1BBA3C} = {00818056-DC79-424D-AD29-D93065C95A28}
		{4463F81F-EAC7-4686-98F6-2DE7A48C3161} = {BB253055-0BDC-45E4-B1D5-024CCC799053}
		{ACCD6747-E4F5-46D3-94AF-C5131F7CAFA3} = {BB253055-0BDC-45E4-B1D5-024CCC799053}
		{0E297F11-C44D-4D42-A380-093DA909D92D} = {50806EB2-F7BF-4FA9-A917-B00A0598620E}
		{8D37B29A-D569-45E5-BED6-506DB0BD5901} = {50806EB2-F7BF-4FA9-A917-B00A0598620E}
		{E56821B1-B58D-4B93-A163-504C78632261} = {50806EB2-F7BF-4FA9-A917-B00A0598620E}
		{452BEBC1-FADA-4932-B277-886AC6F524B1} = {38A89C94-D985-4075-9947-C337C1BE0D92}
		{030654C3-9D43-44B3-92EA-2C3F0DFF9592} = {38A89C94-D985-4075-9947-C337C1BE0D92}
		{FD352B68-8756-4396-A705-08482BE3A792} = {38A89C94-D985-4075-9947-C337C1BE0D92}
		{07024844-A75B-4601-A876-2B0351461D20} = {38A89C94-D985-4075-9947-C337C1BE0D92}
		{AC737AA3-C0D9-47B2-81D8-3363BC9D5885} = {F97915C3-2A25-4A30-B80B-3FED7101CF2F}
		{31508CD6-1372-491B-8BAC-0A7880470C80} = {F97915C3-2A25-4A30-B80B-3FED7101CF2F}
		{9EDA8120-615B-489F-9EF4-CE31CE94F34E} = {F97915C3-2A25-4A30-B80B-3FED7101CF2F}
		{DA9F3F0B-E163-4FBE-91BC-09F4DA17A7D8} = {0E297F11-C44D-4D42-A380-093DA909D92D}
		{ED859436-0AD7-4C39-BB76-8404B24892AC} = {8D37B29A-D569-45E5-BED6-506DB0BD5901}
		{2B86E07F-BE40-4944-AFA6-78D95710B898} = {0E297F11-C44D-4D42-A380-093DA909D92D}
		{BEEC7C2B-A0E6-4DF8-933B-2E070B6E545C} = {8D37B29A-D569-45E5-BED6-506DB0BD5901}
		{FCCD8DEC-32C8-42B7-A217-D03428347F4B} = {E56821B1-B58D-4B93-A163-504C78632261}
		{A9EE499C-B9CC-4434-B543-509878ADAB2C} = {50806EB2-F7BF-4FA9-A917-B00A0598620E}
		{D300116D-1E37-489B-86D4-A6EBDC354016} = {A9EE499C-B9CC-4434-B543-509878ADAB2C}
		{50806EB2-F7BF-4FA9-A917-B00A0598620E} = {38A89C94-D985-4075-9947-C337C1BE0D92}
		{E0500792-77F5-4ED0-B34D-FDB5300AEED7} = {452BEBC1-FADA-4932-B277-886AC6F524B1}
		{184C4702-EE52-48FF-A3D0-218FBEEEF137} = {452BEBC1-FADA-4932-B277-886AC6F524B1}
		{49D5462B-A624-44C3-A014-E76D1706F481} = {030654C3-9D43-44B3-92EA-2C3F0DFF9592}
		{D95D1955-A04E-4D42-89D4-D6AB0DB3CC19} = {FD352B68-8756-4396-A705-08482BE3A792}
		{1A600110-7B07-4C96-A15F-2BE2381CE6F9} = {07024844-A75B-4601-A876-2B0351461D20}
		{5491CE42-07EE-4488-817F-E15A29F8AE74} = {AC737AA3-C0D9-47B2-81D8-3363BC9D5885}
		{29CD7603-9C20-42E8-A613-A1F368AFA001} = {31508CD6-1372-491B-8BAC-0A7880470C80}
		{4EC36CED-FEB9-4335-8889-14ECBEF75D49} = {31508CD6-1372-491B-8BAC-0A7880470C80}
		{EA1B214D-7B81-45A9-80D8-115C6F110068} = {31508CD6-1372-491B-8BAC-0A7880470C80}
		{CEEC8121-DCC5-4D68-B03B-788C0963348F} = {29CD7603-9C20-42E8-A613-A1F368AFA001}
		{AF0C7822-1DD1-405D-A43E-FABDCAD23EEC} = {4EC36CED-FEB9-4335-8889-14ECBEF75D49}
		{B2CA188F-5DAD-47E5-9E7A-B47BF69E1AA5} = {EA1B214D-7B81-45A9-80D8-115C6F110068}
		{E087C2FD-F7FC-4039-81E0-42D0BBBC443A} = {2D7C7D1C-54AE-4FF6-A060-3FCC4A78D247}
		{5DD65CE8-1AB6-4A47-A22A-6D9ACD4ED065} = {D8A3F866-C266-48D1-8CE6-B7A9CCBF8D09}
		{35E738EC-FEBA-4125-907E-6C03366F0EE1} = {D8A3F866-C266-48D1-8CE6-B7A9CCBF8D09}
		{0400A73C-7C16-4B36-BB3B-3CD4281D3E9E} = {07024844-A75B-4601-A876-2B0351461D20}
	EndGlobalSection
	GlobalSection(ExtensibilityGlobals) = postSolution
		SolutionGuid = {C239A59A-1B25-44AF-90CB-C97FEDE88FBC}
	EndGlobalSection
EndGlobal
